// !$*UTF8*$!
{
	archiveVersion = 1;
	classes = {
	};
	objectVersion = 56;
	objects = {

/* Begin PBXBuildFile section */
		F264AA8A2D20880E002B30A5 /* HelloWorldApp.swift in Sources */ = {isa = PBXBuildFile; fileRef = F264AA892D20880E002B30A5 /* HelloWorldApp.swift */; };
		F264AA8E2D208811002B30A5 /* Assets.xcassets in Resources */ = {isa = PBXBuildFile; fileRef = F264AA8D2D208811002B30A5 /* Assets.xcassets */; };
		F264AA912D208811002B30A5 /* Preview Assets.xcassets in Resources */ = {isa = PBXBuildFile; fileRef = F264AA902D208811002B30A5 /* Preview Assets.xcassets */; };
		F264AA9B2D208812002B30A5 /* HelloWorldTests.swift in Sources */ = {isa = PBXBuildFile; fileRef = F264AA9A2D208812002B30A5 /* HelloWorldTests.swift */; };
		F264AAA52D208812002B30A5 /* HelloWorldUITests.swift in Sources */ = {isa = PBXBuildFile; fileRef = F264AAA42D208812002B30A5 /* HelloWorldUITests.swift */; };
		F264AAA72D208812002B30A5 /* HelloWorldUITestsLaunchTests.swift in Sources */ = {isa = PBXBuildFile; fileRef = F264AAA62D208812002B30A5 /* HelloWorldUITestsLaunchTests.swift */; };
		F264AAB52D208C9B002B30A5 /* WorkoutPlan.swift in Sources */ = {isa = PBXBuildFile; fileRef = F264AAB42D208C9B002B30A5 /* WorkoutPlan.swift */; };
		F264AAB72D208CAE002B30A5 /* Exercise.swift in Sources */ = {isa = PBXBuildFile; fileRef = F264AAB62D208CAE002B30A5 /* Exercise.swift */; };
		F264AABA2D208CCC002B30A5 /* WorkoutPlanListView.swift in Sources */ = {isa = PBXBuildFile; fileRef = F264AAB92D208CCC002B30A5 /* WorkoutPlanListView.swift */; };
		F264AABC2D208CDD002B30A5 /* AddWorkoutPlanView.swift in Sources */ = {isa = PBXBuildFile; fileRef = F264AABB2D208CDD002B30A5 /* AddWorkoutPlanView.swift */; };
		F264AAC02D208D06002B30A5 /* AddExerciseView.swift in Sources */ = {isa = PBXBuildFile; fileRef = F264AABF2D208D06002B30A5 /* AddExerciseView.swift */; };
		F264AAC32D208D28002B30A5 /* WorkoutPlanViewModel.swift in Sources */ = {isa = PBXBuildFile; fileRef = F264AAC22D208D28002B30A5 /* WorkoutPlanViewModel.swift */; };
		F264AAC52D208D3D002B30A5 /* ExerciseViewModel.swift in Sources */ = {isa = PBXBuildFile; fileRef = F264AAC42D208D3D002B30A5 /* ExerciseViewModel.swift */; };
		F264AAC82D208D5F002B30A5 /* PersistenceManager.swift in Sources */ = {isa = PBXBuildFile; fileRef = F264AAC72D208D5F002B30A5 /* PersistenceManager.swift */; };
		F264AACB2D208D7F002B30A5 /* NotificationManager.swift in Sources */ = {isa = PBXBuildFile; fileRef = F264AACA2D208D7F002B30A5 /* NotificationManager.swift */; };
		F264AACD2D2094F6002B30A5 /* WorkoutPlanDetailView.swift in Sources */ = {isa = PBXBuildFile; fileRef = F264AACC2D2094F6002B30A5 /* WorkoutPlanDetailView.swift */; };
		F264AACF2D209784002B30A5 /* EditWorkoutPlanView.swift in Sources */ = {isa = PBXBuildFile; fileRef = F264AACE2D209784002B30A5 /* EditWorkoutPlanView.swift */; };
/* End PBXBuildFile section */

/* Begin PBXContainerItemProxy section */
		F264AA972D208812002B30A5 /* PBXContainerItemProxy */ = {
			isa = PBXContainerItemProxy;
			containerPortal = F264AA7E2D20880E002B30A5 /* Project object */;
			proxyType = 1;
			remoteGlobalIDString = F264AA852D20880E002B30A5;
			remoteInfo = HelloWorld;
		};
		F264AAA12D208812002B30A5 /* PBXContainerItemProxy */ = {
			isa = PBXContainerItemProxy;
			containerPortal = F264AA7E2D20880E002B30A5 /* Project object */;
			proxyType = 1;
			remoteGlobalIDString = F264AA852D20880E002B30A5;
			remoteInfo = HelloWorld;
		};
/* End PBXContainerItemProxy section */

/* Begin PBXFileReference section */
		F264AA862D20880E002B30A5 /* HelloWorld.app */ = {isa = PBXFileReference; explicitFileType = wrapper.application; includeInIndex = 0; path = HelloWorld.app; sourceTree = BUILT_PRODUCTS_DIR; };
		F264AA892D20880E002B30A5 /* HelloWorldApp.swift */ = {isa = PBXFileReference; lastKnownFileType = sourcecode.swift; path = HelloWorldApp.swift; sourceTree = "<group>"; };
		F264AA8D2D208811002B30A5 /* Assets.xcassets */ = {isa = PBXFileReference; lastKnownFileType = folder.assetcatalog; path = Assets.xcassets; sourceTree = "<group>"; };
		F264AA902D208811002B30A5 /* Preview Assets.xcassets */ = {isa = PBXFileReference; lastKnownFileType = folder.assetcatalog; path = "Preview Assets.xcassets"; sourceTree = "<group>"; };
		F264AA962D208811002B30A5 /* HelloWorldTests.xctest */ = {isa = PBXFileReference; explicitFileType = wrapper.cfbundle; includeInIndex = 0; path = HelloWorldTests.xctest; sourceTree = BUILT_PRODUCTS_DIR; };
		F264AA9A2D208812002B30A5 /* HelloWorldTests.swift */ = {isa = PBXFileReference; lastKnownFileType = sourcecode.swift; path = HelloWorldTests.swift; sourceTree = "<group>"; };
		F264AAA02D208812002B30A5 /* HelloWorldUITests.xctest */ = {isa = PBXFileReference; explicitFileType = wrapper.cfbundle; includeInIndex = 0; path = HelloWorldUITests.xctest; sourceTree = BUILT_PRODUCTS_DIR; };
		F264AAA42D208812002B30A5 /* HelloWorldUITests.swift */ = {isa = PBXFileReference; lastKnownFileType = sourcecode.swift; path = HelloWorldUITests.swift; sourceTree = "<group>"; };
		F264AAA62D208812002B30A5 /* HelloWorldUITestsLaunchTests.swift */ = {isa = PBXFileReference; lastKnownFileType = sourcecode.swift; path = HelloWorldUITestsLaunchTests.swift; sourceTree = "<group>"; };
		F264AAB42D208C9B002B30A5 /* WorkoutPlan.swift */ = {isa = PBXFileReference; lastKnownFileType = sourcecode.swift; path = WorkoutPlan.swift; sourceTree = "<group>"; };
		F264AAB62D208CAE002B30A5 /* Exercise.swift */ = {isa = PBXFileReference; lastKnownFileType = sourcecode.swift; path = Exercise.swift; sourceTree = "<group>"; };
		F264AAB92D208CCC002B30A5 /* WorkoutPlanListView.swift */ = {isa = PBXFileReference; lastKnownFileType = sourcecode.swift; path = WorkoutPlanListView.swift; sourceTree = "<group>"; };
		F264AABB2D208CDD002B30A5 /* AddWorkoutPlanView.swift */ = {isa = PBXFileReference; lastKnownFileType = sourcecode.swift; path = AddWorkoutPlanView.swift; sourceTree = "<group>"; };
		F264AABF2D208D06002B30A5 /* AddExerciseView.swift */ = {isa = PBXFileReference; lastKnownFileType = sourcecode.swift; path = AddExerciseView.swift; sourceTree = "<group>"; };
		F264AAC22D208D28002B30A5 /* WorkoutPlanViewModel.swift */ = {isa = PBXFileReference; lastKnownFileType = sourcecode.swift; path = WorkoutPlanViewModel.swift; sourceTree = "<group>"; };
		F264AAC42D208D3D002B30A5 /* ExerciseViewModel.swift */ = {isa = PBXFileReference; lastKnownFileType = sourcecode.swift; path = ExerciseViewModel.swift; sourceTree = "<group>"; };
		F264AAC72D208D5F002B30A5 /* PersistenceManager.swift */ = {isa = PBXFileReference; lastKnownFileType = sourcecode.swift; path = PersistenceManager.swift; sourceTree = "<group>"; };
		F264AACA2D208D7F002B30A5 /* NotificationManager.swift */ = {isa = PBXFileReference; lastKnownFileType = sourcecode.swift; path = NotificationManager.swift; sourceTree = "<group>"; };
		F264AACC2D2094F6002B30A5 /* WorkoutPlanDetailView.swift */ = {isa = PBXFileReference; lastKnownFileType = sourcecode.swift; path = WorkoutPlanDetailView.swift; sourceTree = "<group>"; };
		F264AACE2D209784002B30A5 /* EditWorkoutPlanView.swift */ = {isa = PBXFileReference; lastKnownFileType = sourcecode.swift; path = EditWorkoutPlanView.swift; sourceTree = "<group>"; };
/* End PBXFileReference section */

/* Begin PBXFrameworksBuildPhase section */
		F264AA832D20880E002B30A5 /* Frameworks */ = {
			isa = PBXFrameworksBuildPhase;
			buildActionMask = 2147483647;
			files = (
			);
			runOnlyForDeploymentPostprocessing = 0;
		};
		F264AA932D208811002B30A5 /* Frameworks */ = {
			isa = PBXFrameworksBuildPhase;
			buildActionMask = 2147483647;
			files = (
			);
			runOnlyForDeploymentPostprocessing = 0;
		};
		F264AA9D2D208812002B30A5 /* Frameworks */ = {
			isa = PBXFrameworksBuildPhase;
			buildActionMask = 2147483647;
			files = (
			);
			runOnlyForDeploymentPostprocessing = 0;
		};
/* End PBXFrameworksBuildPhase section */

/* Begin PBXGroup section */
		F264AA7D2D20880E002B30A5 = {
			isa = PBXGroup;
			children = (
				F264AA882D20880E002B30A5 /* HelloWorld */,
				F264AA992D208812002B30A5 /* HelloWorldTests */,
				F264AAA32D208812002B30A5 /* HelloWorldUITests */,
				F264AA872D20880E002B30A5 /* Products */,
			);
			sourceTree = "<group>";
		};
		F264AA872D20880E002B30A5 /* Products */ = {
			isa = PBXGroup;
			children = (
				F264AA862D20880E002B30A5 /* HelloWorld.app */,
				F264AA962D208811002B30A5 /* HelloWorldTests.xctest */,
				F264AAA02D208812002B30A5 /* HelloWorldUITests.xctest */,
			);
			name = Products;
			sourceTree = "<group>";
		};
		F264AA882D20880E002B30A5 /* HelloWorld */ = {
			isa = PBXGroup;
			children = (
				F264AAC92D208D66002B30A5 /* Notifications */,
				F264AAC62D208D4A002B30A5 /* Persistence */,
				F264AAC12D208D0E002B30A5 /* ViewModels */,
				F264AAB82D208CB6002B30A5 /* Views */,
				F264AAB32D208C70002B30A5 /* Models */,
				F264AA892D20880E002B30A5 /* HelloWorldApp.swift */,
				F264AA8D2D208811002B30A5 /* Assets.xcassets */,
				F264AA8F2D208811002B30A5 /* Preview Content */,
			);
			path = HelloWorld;
			sourceTree = "<group>";
		};
		F264AA8F2D208811002B30A5 /* Preview Content */ = {
			isa = PBXGroup;
			children = (
				F264AA902D208811002B30A5 /* Preview Assets.xcassets */,
			);
			path = "Preview Content";
			sourceTree = "<group>";
		};
		F264AA992D208812002B30A5 /* HelloWorldTests */ = {
			isa = PBXGroup;
			children = (
				F264AA9A2D208812002B30A5 /* HelloWorldTests.swift */,
			);
			path = HelloWorldTests;
			sourceTree = "<group>";
		};
		F264AAA32D208812002B30A5 /* HelloWorldUITests */ = {
			isa = PBXGroup;
			children = (
				F264AAA42D208812002B30A5 /* HelloWorldUITests.swift */,
				F264AAA62D208812002B30A5 /* HelloWorldUITestsLaunchTests.swift */,
			);
			path = HelloWorldUITests;
			sourceTree = "<group>";
		};
		F264AAB32D208C70002B30A5 /* Models */ = {
			isa = PBXGroup;
			children = (
				F264AAB42D208C9B002B30A5 /* WorkoutPlan.swift */,
				F264AAB62D208CAE002B30A5 /* Exercise.swift */,
			);
			path = Models;
			sourceTree = "<group>";
		};
		F264AAB82D208CB6002B30A5 /* Views */ = {
			isa = PBXGroup;
			children = (
				F264AAB92D208CCC002B30A5 /* WorkoutPlanListView.swift */,
				F264AABB2D208CDD002B30A5 /* AddWorkoutPlanView.swift */,
				F264AABF2D208D06002B30A5 /* AddExerciseView.swift */,
				F264AACC2D2094F6002B30A5 /* WorkoutPlanDetailView.swift */,
				F264AACE2D209784002B30A5 /* EditWorkoutPlanView.swift */,
			);
			path = Views;
			sourceTree = "<group>";
		};
		F264AAC12D208D0E002B30A5 /* ViewModels */ = {
			isa = PBXGroup;
			children = (
				F264AAC22D208D28002B30A5 /* WorkoutPlanViewModel.swift */,
				F264AAC42D208D3D002B30A5 /* ExerciseViewModel.swift */,
			);
			path = ViewModels;
			sourceTree = "<group>";
		};
		F264AAC62D208D4A002B30A5 /* Persistence */ = {
			isa = PBXGroup;
			children = (
				F264AAC72D208D5F002B30A5 /* PersistenceManager.swift */,
			);
			path = Persistence;
			sourceTree = "<group>";
		};
		F264AAC92D208D66002B30A5 /* Notifications */ = {
			isa = PBXGroup;
			children = (
				F264AACA2D208D7F002B30A5 /* NotificationManager.swift */,
			);
			path = Notifications;
			sourceTree = "<group>";
		};
/* End PBXGroup section */

/* Begin PBXNativeTarget section */
		F264AA852D20880E002B30A5 /* HelloWorld */ = {
			isa = PBXNativeTarget;
			buildConfigurationList = F264AAAA2D208812002B30A5 /* Build configuration list for PBXNativeTarget "HelloWorld" */;
			buildPhases = (
				F264AA822D20880E002B30A5 /* Sources */,
				F264AA832D20880E002B30A5 /* Frameworks */,
				F264AA842D20880E002B30A5 /* Resources */,
			);
			buildRules = (
			);
			dependencies = (
			);
			name = HelloWorld;
			productName = HelloWorld;
			productReference = F264AA862D20880E002B30A5 /* HelloWorld.app */;
			productType = "com.apple.product-type.application";
		};
		F264AA952D208811002B30A5 /* HelloWorldTests */ = {
			isa = PBXNativeTarget;
			buildConfigurationList = F264AAAD2D208812002B30A5 /* Build configuration list for PBXNativeTarget "HelloWorldTests" */;
			buildPhases = (
				F264AA922D208811002B30A5 /* Sources */,
				F264AA932D208811002B30A5 /* Frameworks */,
				F264AA942D208811002B30A5 /* Resources */,
			);
			buildRules = (
			);
			dependencies = (
				F264AA982D208812002B30A5 /* PBXTargetDependency */,
			);
			name = HelloWorldTests;
			productName = HelloWorldTests;
			productReference = F264AA962D208811002B30A5 /* HelloWorldTests.xctest */;
			productType = "com.apple.product-type.bundle.unit-test";
		};
		F264AA9F2D208812002B30A5 /* HelloWorldUITests */ = {
			isa = PBXNativeTarget;
			buildConfigurationList = F264AAB02D208812002B30A5 /* Build configuration list for PBXNativeTarget "HelloWorldUITests" */;
			buildPhases = (
				F264AA9C2D208812002B30A5 /* Sources */,
				F264AA9D2D208812002B30A5 /* Frameworks */,
				F264AA9E2D208812002B30A5 /* Resources */,
			);
			buildRules = (
			);
			dependencies = (
				F264AAA22D208812002B30A5 /* PBXTargetDependency */,
			);
			name = HelloWorldUITests;
			productName = HelloWorldUITests;
			productReference = F264AAA02D208812002B30A5 /* HelloWorldUITests.xctest */;
			productType = "com.apple.product-type.bundle.ui-testing";
		};
/* End PBXNativeTarget section */

/* Begin PBXProject section */
		F264AA7E2D20880E002B30A5 /* Project object */ = {
			isa = PBXProject;
			attributes = {
				BuildIndependentTargetsInParallel = 1;
				LastSwiftUpdateCheck = 1420;
				LastUpgradeCheck = 1420;
				TargetAttributes = {
					F264AA852D20880E002B30A5 = {
						CreatedOnToolsVersion = 14.2;
					};
					F264AA952D208811002B30A5 = {
						CreatedOnToolsVersion = 14.2;
						TestTargetID = F264AA852D20880E002B30A5;
					};
					F264AA9F2D208812002B30A5 = {
						CreatedOnToolsVersion = 14.2;
						TestTargetID = F264AA852D20880E002B30A5;
					};
				};
			};
			buildConfigurationList = F264AA812D20880E002B30A5 /* Build configuration list for PBXProject "HelloWorld" */;
			compatibilityVersion = "Xcode 14.0";
			developmentRegion = en;
			hasScannedForEncodings = 0;
			knownRegions = (
				en,
				Base,
			);
			mainGroup = F264AA7D2D20880E002B30A5;
			productRefGroup = F264AA872D20880E002B30A5 /* Products */;
			projectDirPath = "";
			projectRoot = "";
			targets = (
				F264AA852D20880E002B30A5 /* HelloWorld */,
				F264AA952D208811002B30A5 /* HelloWorldTests */,
				F264AA9F2D208812002B30A5 /* HelloWorldUITests */,
			);
		};
/* End PBXProject section */

/* Begin PBXResourcesBuildPhase section */
		F264AA842D20880E002B30A5 /* Resources */ = {
			isa = PBXResourcesBuildPhase;
			buildActionMask = 2147483647;
			files = (
				F264AA912D208811002B30A5 /* Preview Assets.xcassets in Resources */,
				F264AA8E2D208811002B30A5 /* Assets.xcassets in Resources */,
			);
			runOnlyForDeploymentPostprocessing = 0;
		};
		F264AA942D208811002B30A5 /* Resources */ = {
			isa = PBXResourcesBuildPhase;
			buildActionMask = 2147483647;
			files = (
			);
			runOnlyForDeploymentPostprocessing = 0;
		};
		F264AA9E2D208812002B30A5 /* Resources */ = {
			isa = PBXResourcesBuildPhase;
			buildActionMask = 2147483647;
			files = (
			);
			runOnlyForDeploymentPostprocessing = 0;
		};
/* End PBXResourcesBuildPhase section */

/* Begin PBXSourcesBuildPhase section */
		F264AA822D20880E002B30A5 /* Sources */ = {
			isa = PBXSourcesBuildPhase;
			buildActionMask = 2147483647;
			files = (
				F264AAB52D208C9B002B30A5 /* WorkoutPlan.swift in Sources */,
				F264AABC2D208CDD002B30A5 /* AddWorkoutPlanView.swift in Sources */,
				F264AACD2D2094F6002B30A5 /* WorkoutPlanDetailView.swift in Sources */,
				F264AAB72D208CAE002B30A5 /* Exercise.swift in Sources */,
				F264AAC32D208D28002B30A5 /* WorkoutPlanViewModel.swift in Sources */,
				F264AAC02D208D06002B30A5 /* AddExerciseView.swift in Sources */,
				F264AACB2D208D7F002B30A5 /* NotificationManager.swift in Sources */,
				F264AACF2D209784002B30A5 /* EditWorkoutPlanView.swift in Sources */,
				F264AAC52D208D3D002B30A5 /* ExerciseViewModel.swift in Sources */,
				F264AABA2D208CCC002B30A5 /* WorkoutPlanListView.swift in Sources */,
				F264AAC82D208D5F002B30A5 /* PersistenceManager.swift in Sources */,
				F264AA8A2D20880E002B30A5 /* HelloWorldApp.swift in Sources */,
			);
			runOnlyForDeploymentPostprocessing = 0;
		};
		F264AA922D208811002B30A5 /* Sources */ = {
			isa = PBXSourcesBuildPhase;
			buildActionMask = 2147483647;
			files = (
				F264AA9B2D208812002B30A5 /* HelloWorldTests.swift in Sources */,
			);
			runOnlyForDeploymentPostprocessing = 0;
		};
		F264AA9C2D208812002B30A5 /* Sources */ = {
			isa = PBXSourcesBuildPhase;
			buildActionMask = 2147483647;
			files = (
				F264AAA72D208812002B30A5 /* HelloWorldUITestsLaunchTests.swift in Sources */,
				F264AAA52D208812002B30A5 /* HelloWorldUITests.swift in Sources */,
			);
			runOnlyForDeploymentPostprocessing = 0;
		};
/* End PBXSourcesBuildPhase section */

/* Begin PBXTargetDependency section */
		F264AA982D208812002B30A5 /* PBXTargetDependency */ = {
			isa = PBXTargetDependency;
			target = F264AA852D20880E002B30A5 /* HelloWorld */;
			targetProxy = F264AA972D208812002B30A5 /* PBXContainerItemProxy */;
		};
		F264AAA22D208812002B30A5 /* PBXTargetDependency */ = {
			isa = PBXTargetDependency;
			target = F264AA852D20880E002B30A5 /* HelloWorld */;
			targetProxy = F264AAA12D208812002B30A5 /* PBXContainerItemProxy */;
		};
/* End PBXTargetDependency section */

/* Begin XCBuildConfiguration section */
		F264AAA82D208812002B30A5 /* Debug */ = {
			isa = XCBuildConfiguration;
			buildSettings = {
				ALWAYS_SEARCH_USER_PATHS = NO;
				CLANG_ANALYZER_NONNULL = YES;
				CLANG_ANALYZER_NUMBER_OBJECT_CONVERSION = YES_AGGRESSIVE;
				CLANG_CXX_LANGUAGE_STANDARD = "gnu++20";
				CLANG_ENABLE_MODULES = YES;
				CLANG_ENABLE_OBJC_ARC = YES;
				CLANG_ENABLE_OBJC_WEAK = YES;
				CLANG_WARN_BLOCK_CAPTURE_AUTORELEASING = YES;
				CLANG_WARN_BOOL_CONVERSION = YES;
				CLANG_WARN_COMMA = YES;
				CLANG_WARN_CONSTANT_CONVERSION = YES;
				CLANG_WARN_DEPRECATED_OBJC_IMPLEMENTATIONS = YES;
				CLANG_WARN_DIRECT_OBJC_ISA_USAGE = YES_ERROR;
				CLANG_WARN_DOCUMENTATION_COMMENTS = YES;
				CLANG_WARN_EMPTY_BODY = YES;
				CLANG_WARN_ENUM_CONVERSION = YES;
				CLANG_WARN_INFINITE_RECURSION = YES;
				CLANG_WARN_INT_CONVERSION = YES;
				CLANG_WARN_NON_LITERAL_NULL_CONVERSION = YES;
				CLANG_WARN_OBJC_IMPLICIT_RETAIN_SELF = YES;
				CLANG_WARN_OBJC_LITERAL_CONVERSION = YES;
				CLANG_WARN_OBJC_ROOT_CLASS = YES_ERROR;
				CLANG_WARN_QUOTED_INCLUDE_IN_FRAMEWORK_HEADER = YES;
				CLANG_WARN_RANGE_LOOP_ANALYSIS = YES;
				CLANG_WARN_STRICT_PROTOTYPES = YES;
				CLANG_WARN_SUSPICIOUS_MOVE = YES;
				CLANG_WARN_UNGUARDED_AVAILABILITY = YES_AGGRESSIVE;
				CLANG_WARN_UNREACHABLE_CODE = YES;
				CLANG_WARN__DUPLICATE_METHOD_MATCH = YES;
				COPY_PHASE_STRIP = NO;
				DEBUG_INFORMATION_FORMAT = dwarf;
				ENABLE_STRICT_OBJC_MSGSEND = YES;
				ENABLE_TESTABILITY = YES;
				GCC_C_LANGUAGE_STANDARD = gnu11;
				GCC_DYNAMIC_NO_PIC = NO;
				GCC_NO_COMMON_BLOCKS = YES;
				GCC_OPTIMIZATION_LEVEL = 0;
				GCC_PREPROCESSOR_DEFINITIONS = (
					"DEBUG=1",
					"$(inherited)",
				);
				GCC_WARN_64_TO_32_BIT_CONVERSION = YES;
				GCC_WARN_ABOUT_RETURN_TYPE = YES_ERROR;
				GCC_WARN_UNDECLARED_SELECTOR = YES;
				GCC_WARN_UNINITIALIZED_AUTOS = YES_AGGRESSIVE;
				GCC_WARN_UNUSED_FUNCTION = YES;
				GCC_WARN_UNUSED_VARIABLE = YES;
				IPHONEOS_DEPLOYMENT_TARGET = 16.2;
				MTL_ENABLE_DEBUG_INFO = INCLUDE_SOURCE;
				MTL_FAST_MATH = YES;
				ONLY_ACTIVE_ARCH = YES;
				SDKROOT = iphoneos;
				SWIFT_ACTIVE_COMPILATION_CONDITIONS = DEBUG;
				SWIFT_OPTIMIZATION_LEVEL = "-Onone";
			};
			name = Debug;
		};
		F264AAA92D208812002B30A5 /* Release */ = {
			isa = XCBuildConfiguration;
			buildSettings = {
				ALWAYS_SEARCH_USER_PATHS = NO;
				CLANG_ANALYZER_NONNULL = YES;
				CLANG_ANALYZER_NUMBER_OBJECT_CONVERSION = YES_AGGRESSIVE;
				CLANG_CXX_LANGUAGE_STANDARD = "gnu++20";
				CLANG_ENABLE_MODULES = YES;
				CLANG_ENABLE_OBJC_ARC = YES;
				CLANG_ENABLE_OBJC_WEAK = YES;
				CLANG_WARN_BLOCK_CAPTURE_AUTORELEASING = YES;
				CLANG_WARN_BOOL_CONVERSION = YES;
				CLANG_WARN_COMMA = YES;
				CLANG_WARN_CONSTANT_CONVERSION = YES;
				CLANG_WARN_DEPRECATED_OBJC_IMPLEMENTATIONS = YES;
				CLANG_WARN_DIRECT_OBJC_ISA_USAGE = YES_ERROR;
				CLANG_WARN_DOCUMENTATION_COMMENTS = YES;
				CLANG_WARN_EMPTY_BODY = YES;
				CLANG_WARN_ENUM_CONVERSION = YES;
				CLANG_WARN_INFINITE_RECURSION = YES;
				CLANG_WARN_INT_CONVERSION = YES;
				CLANG_WARN_NON_LITERAL_NULL_CONVERSION = YES;
				CLANG_WARN_OBJC_IMPLICIT_RETAIN_SELF = YES;
				CLANG_WARN_OBJC_LITERAL_CONVERSION = YES;
				CLANG_WARN_OBJC_ROOT_CLASS = YES_ERROR;
				CLANG_WARN_QUOTED_INCLUDE_IN_FRAMEWORK_HEADER = YES;
				CLANG_WARN_RANGE_LOOP_ANALYSIS = YES;
				CLANG_WARN_STRICT_PROTOTYPES = YES;
				CLANG_WARN_SUSPICIOUS_MOVE = YES;
				CLANG_WARN_UNGUARDED_AVAILABILITY = YES_AGGRESSIVE;
				CLANG_WARN_UNREACHABLE_CODE = YES;
				CLANG_WARN__DUPLICATE_METHOD_MATCH = YES;
				COPY_PHASE_STRIP = NO;
				DEBUG_INFORMATION_FORMAT = "dwarf-with-dsym";
				ENABLE_NS_ASSERTIONS = NO;
				ENABLE_STRICT_OBJC_MSGSEND = YES;
				GCC_C_LANGUAGE_STANDARD = gnu11;
				GCC_NO_COMMON_BLOCKS = YES;
				GCC_WARN_64_TO_32_BIT_CONVERSION = YES;
				GCC_WARN_ABOUT_RETURN_TYPE = YES_ERROR;
				GCC_WARN_UNDECLARED_SELECTOR = YES;
				GCC_WARN_UNINITIALIZED_AUTOS = YES_AGGRESSIVE;
				GCC_WARN_UNUSED_FUNCTION = YES;
				GCC_WARN_UNUSED_VARIABLE = YES;
				IPHONEOS_DEPLOYMENT_TARGET = 16.2;
				MTL_ENABLE_DEBUG_INFO = NO;
				MTL_FAST_MATH = YES;
				SDKROOT = iphoneos;
				SWIFT_COMPILATION_MODE = wholemodule;
				SWIFT_OPTIMIZATION_LEVEL = "-O";
				VALIDATE_PRODUCT = YES;
			};
			name = Release;
		};
		F264AAAB2D208812002B30A5 /* Debug */ = {
			isa = XCBuildConfiguration;
			buildSettings = {
				ASSETCATALOG_COMPILER_APPICON_NAME = AppIcon;
				ASSETCATALOG_COMPILER_GLOBAL_ACCENT_COLOR_NAME = AccentColor;
				CODE_SIGN_STYLE = Automatic;
				CURRENT_PROJECT_VERSION = 1;
				DEVELOPMENT_ASSET_PATHS = "\"HelloWorld/Preview Content\"";
				ENABLE_PREVIEWS = YES;
				GENERATE_INFOPLIST_FILE = YES;
				INFOPLIST_KEY_UIApplicationSceneManifest_Generation = YES;
				INFOPLIST_KEY_UIApplicationSupportsIndirectInputEvents = YES;
				INFOPLIST_KEY_UILaunchScreen_Generation = YES;
				INFOPLIST_KEY_UISupportedInterfaceOrientations_iPad = "UIInterfaceOrientationPortrait UIInterfaceOrientationPortraitUpsideDown UIInterfaceOrientationLandscapeLeft UIInterfaceOrientationLandscapeRight";
				INFOPLIST_KEY_UISupportedInterfaceOrientations_iPhone = "UIInterfaceOrientationPortrait UIInterfaceOrientationLandscapeLeft UIInterfaceOrientationLandscapeRight";
				LD_RUNPATH_SEARCH_PATHS = (
					"$(inherited)",
					"@executable_path/Frameworks",
				);
				MARKETING_VERSION = 1.0;
				PRODUCT_BUNDLE_IDENTIFIER = com.arjun.HelloWorld.HelloWorld;
				PRODUCT_NAME = "$(TARGET_NAME)";
				SWIFT_EMIT_LOC_STRINGS = YES;
				SWIFT_VERSION = 5.0;
				TARGETED_DEVICE_FAMILY = "1,2";
			};
			name = Debug;
		};
		F264AAAC2D208812002B30A5 /* Release */ = {
			isa = XCBuildConfiguration;
			buildSettings = {
				ASSETCATALOG_COMPILER_APPICON_NAME = AppIcon;
				ASSETCATALOG_COMPILER_GLOBAL_ACCENT_COLOR_NAME = AccentColor;
				CODE_SIGN_STYLE = Automatic;
				CURRENT_PROJECT_VERSION = 1;
				DEVELOPMENT_ASSET_PATHS = "\"HelloWorld/Preview Content\"";
				ENABLE_PREVIEWS = YES;
				GENERATE_INFOPLIST_FILE = YES;
				INFOPLIST_KEY_UIApplicationSceneManifest_Generation = YES;
				INFOPLIST_KEY_UIApplicationSupportsIndirectInputEvents = YES;
				INFOPLIST_KEY_UILaunchScreen_Generation = YES;
				INFOPLIST_KEY_UISupportedInterfaceOrientations_iPad = "UIInterfaceOrientationPortrait UIInterfaceOrientationPortraitUpsideDown UIInterfaceOrientationLandscapeLeft UIInterfaceOrientationLandscapeRight";
				INFOPLIST_KEY_UISupportedInterfaceOrientations_iPhone = "UIInterfaceOrientationPortrait UIInterfaceOrientationLandscapeLeft UIInterfaceOrientationLandscapeRight";
				LD_RUNPATH_SEARCH_PATHS = (
					"$(inherited)",
					"@executable_path/Frameworks",
				);
				MARKETING_VERSION = 1.0;
				PRODUCT_BUNDLE_IDENTIFIER = com.arjun.HelloWorld.HelloWorld;
				PRODUCT_NAME = "$(TARGET_NAME)";
				SWIFT_EMIT_LOC_STRINGS = YES;
				SWIFT_VERSION = 5.0;
				TARGETED_DEVICE_FAMILY = "1,2";
			};
			name = Release;
		};
		F264AAAE2D208812002B30A5 /* Debug */ = {
			isa = XCBuildConfiguration;
			buildSettings = {
				ALWAYS_EMBED_SWIFT_STANDARD_LIBRARIES = YES;
				BUNDLE_LOADER = "$(TEST_HOST)";
				CODE_SIGN_STYLE = Automatic;
				CURRENT_PROJECT_VERSION = 1;
				GENERATE_INFOPLIST_FILE = YES;
				IPHONEOS_DEPLOYMENT_TARGET = 16.2;
				MARKETING_VERSION = 1.0;
				PRODUCT_BUNDLE_IDENTIFIER = com.arjun.HelloWorld.HelloWorldTests;
				PRODUCT_NAME = "$(TARGET_NAME)";
				SWIFT_EMIT_LOC_STRINGS = NO;
				SWIFT_VERSION = 5.0;
				TARGETED_DEVICE_FAMILY = "1,2";
				TEST_HOST = "$(BUILT_PRODUCTS_DIR)/HelloWorld.app/$(BUNDLE_EXECUTABLE_FOLDER_PATH)/HelloWorld";
			};
			name = Debug;
		};
		F264AAAF2D208812002B30A5 /* Release */ = {
			isa = XCBuildConfiguration;
			buildSettings = {
				ALWAYS_EMBED_SWIFT_STANDARD_LIBRARIES = YES;
				BUNDLE_LOADER = "$(TEST_HOST)";
				CODE_SIGN_STYLE = Automatic;
				CURRENT_PROJECT_VERSION = 1;
				GENERATE_INFOPLIST_FILE = YES;
				IPHONEOS_DEPLOYMENT_TARGET = 16.2;
				MARKETING_VERSION = 1.0;
				PRODUCT_BUNDLE_IDENTIFIER = com.arjun.HelloWorld.HelloWorldTests;
				PRODUCT_NAME = "$(TARGET_NAME)";
				SWIFT_EMIT_LOC_STRINGS = NO;
				SWIFT_VERSION = 5.0;
				TARGETED_DEVICE_FAMILY = "1,2";
				TEST_HOST = "$(BUILT_PRODUCTS_DIR)/HelloWorld.app/$(BUNDLE_EXECUTABLE_FOLDER_PATH)/HelloWorld";
			};
			name = Release;
		};
		F264AAB12D208812002B30A5 /* Debug */ = {
			isa = XCBuildConfiguration;
			buildSettings = {
				ALWAYS_EMBED_SWIFT_STANDARD_LIBRARIES = YES;
				CODE_SIGN_STYLE = Automatic;
				CURRENT_PROJECT_VERSION = 1;
				GENERATE_INFOPLIST_FILE = YES;
				MARKETING_VERSION = 1.0;
				PRODUCT_BUNDLE_IDENTIFIER = com.arjun.HelloWorld.HelloWorldUITests;
				PRODUCT_NAME = "$(TARGET_NAME)";
				SWIFT_EMIT_LOC_STRINGS = NO;
				SWIFT_VERSION = 5.0;
				TARGETED_DEVICE_FAMILY = "1,2";
				TEST_TARGET_NAME = HelloWorld;
			};
			name = Debug;
		};
		F264AAB22D208812002B30A5 /* Release */ = {
			isa = XCBuildConfiguration;
			buildSettings = {
				ALWAYS_EMBED_SWIFT_STANDARD_LIBRARIES = YES;
				CODE_SIGN_STYLE = Automatic;
				CURRENT_PROJECT_VERSION = 1;
				GENERATE_INFOPLIST_FILE = YES;
				MARKETING_VERSION = 1.0;
				PRODUCT_BUNDLE_IDENTIFIER = com.arjun.HelloWorld.HelloWorldUITests;
				PRODUCT_NAME = "$(TARGET_NAME)";
				SWIFT_EMIT_LOC_STRINGS = NO;
				SWIFT_VERSION = 5.0;
				TARGETED_DEVICE_FAMILY = "1,2";
				TEST_TARGET_NAME = HelloWorld;
			};
			name = Release;
		};
/* End XCBuildConfiguration section */

/* Begin XCConfigurationList section */
		F264AA812D20880E002B30A5 /* Build configuration list for PBXProject "HelloWorld" */ = {
			isa = XCConfigurationList;
			buildConfigurations = (
				F264AAA82D208812002B30A5 /* Debug */,
				F264AAA92D208812002B30A5 /* Release */,
			);
			defaultConfigurationIsVisible = 0;
			defaultConfigurationName = Release;
		};
		F264AAAA2D208812002B30A5 /* Build configuration list for PBXNativeTarget "HelloWorld" */ = {
			isa = XCConfigurationList;
			buildConfigurations = (
				F264AAAB2D208812002B30A5 /* Debug */,
				F264AAAC2D208812002B30A5 /* Release */,
			);
			defaultConfigurationIsVisible = 0;
			defaultConfigurationName = Release;
		};
		F264AAAD2D208812002B30A5 /* Build configuration list for PBXNativeTarget "HelloWorldTests" */ = {
			isa = XCConfigurationList;
			buildConfigurations = (
				F264AAAE2D208812002B30A5 /* Debug */,
				F264AAAF2D208812002B30A5 /* Release */,
			);
			defaultConfigurationIsVisible = 0;
			defaultConfigurationName = Release;
		};
		F264AAB02D208812002B30A5 /* Build configuration list for PBXNativeTarget "HelloWorldUITests" */ = {
			isa = XCConfigurationList;
			buildConfigurations = (
				F264AAB12D208812002B30A5 /* Debug */,
				F264AAB22D208812002B30A5 /* Release */,
			);
			defaultConfigurationIsVisible = 0;
			defaultConfigurationName = Release;
		};
/* End XCConfigurationList section */
	};
	rootObject = F264AA7E2D20880E002B30A5 /* Project object */;
}
